# This file is automatically @generated by Cargo.
# It is not intended for manual editing.
version = 4

[[package]]
name = "p10171"
version = "0.1.0"

[[package]]
name = "p10172"
version = "0.1.0"

[[package]]
name = "p10699"
version = "0.1.0"

[[package]]
name = "p10807"
version = "0.1.0"

[[package]]
name = "p10869"
version = "0.1.0"

[[package]]
name = "p10871"
version = "0.1.0"

[[package]]
name = "p10872"
version = "0.1.0"

[[package]]
name = "p10950"
version = "0.1.0"

[[package]]
name = "p10951"
version = "0.1.0"

[[package]]
name = "p10952"
version = "0.1.0"

[[package]]
name = "p10998"
version = "0.1.0"

[[package]]
name = "p11382"
version = "0.1.0"

[[package]]
name = "p11654"
version = "0.1.0"

[[package]]
name = "p11718"
version = "0.1.0"

[[package]]
name = "p14681"
version = "0.1.0"

[[package]]
name = "p15552"
version = "0.1.0"

[[package]]
name = "p15964"
version = "0.1.0"

[[package]]
name = "p2420"
version = "0.1.0"

[[package]]
name = "p2438"
version = "0.1.0"

[[package]]
name = "p25083"
version = "0.1.0"

[[package]]
name = "p2557"
version = "0.1.0"

[[package]]
name = "p2738"
version = "0.1.0"

[[package]]
name = "p2739"
version = "0.1.0"

[[package]]
name = "p2741"
version = "0.1.0"

[[package]]
name = "p2743"
version = "0.1.0"

[[package]]
name = "p2744"
version = "0.1.0"

[[package]]
name = "p2753"
version = "0.1.0"

[[package]]
name = "p2754"
version = "0.1.0"

[[package]]
name = "p27866"
version = "0.1.0"

[[package]]
name = "p5597"
version = "0.1.0"

[[package]]
name = "p7287"
version = "0.1.0"

[[package]]
name = "p9086"
version = "0.1.0"

[[package]]
name = "p9489"
version = "0.1.0"
